
Microsoft Visual Studio Solution File, Format Version 12.00
# Visual Studio Version 17
VisualStudioVersion = 17.3.32922.545
MinimumVisualStudioVersion = 10.0.40219.1
Project("{FAE04EC0-301F-11D3-BF4B-00C04F79EFBC}") = "25.11.2022OnurAlp", "25.11.2022OnurAlp\25.11.2022OnurAlp.csproj", "{D8EA2023-1745-4890-833D-695FA56ABDE3}"
EndProject
Global
	GlobalSection(SolutionConfigurationPlatforms) = preSolution
		Debug|Any CPU = Debug|Any CPU
		Release|Any CPU = Release|Any CPU
	EndGlobalSection
	GlobalSection(ProjectConfigurationPlatforms) = postSolution
		{D8EA2023-1745-4890-833D-695FA56ABDE3}.Debug|Any CPU.ActiveCfg = Debug|Any CPU
		{D8EA2023-1745-4890-833D-695FA56ABDE3}.Debug|Any CPU.Build.0 = Debug|Any CPU
		{D8EA2023-1745-4890-833D-695FA56ABDE3}.Release|Any CPU.ActiveCfg = Release|Any CPU
		{D8EA2023-1745-4890-833D-695FA56ABDE3}.Release|Any CPU.Build.0 = Release|Any CPU
	EndGlobalSection
	GlobalSection(SolutionProperties) = preSolution
		HideSolutionNode = FALSE
	EndGlobalSection
	GlobalSection(ExtensibilityGlobals) = postSolution
		SolutionGuid = {6796F26C-F023-46B0-8F43-E0F330AC6492}
	EndGlobalSection
EndGlobal
